// !$*UTF8*$!
{
	archiveVersion = 1;
	classes = {
	};
	objectVersion = 46;
	objects = {

/* Begin PBXBuildFile section */
		7927A7921928DBD500A38865 /* Foundation.framework in Frameworks */ = {isa = PBXBuildFile; fileRef = 7927A7911928DBD500A38865 /* Foundation.framework */; };
		7927A7941928DBD500A38865 /* CoreGraphics.framework in Frameworks */ = {isa = PBXBuildFile; fileRef = 7927A7931928DBD500A38865 /* CoreGraphics.framework */; };
		7927A7961928DBD500A38865 /* UIKit.framework in Frameworks */ = {isa = PBXBuildFile; fileRef = 7927A7951928DBD500A38865 /* UIKit.framework */; };
		7927A79C1928DBD500A38865 /* InfoPlist.strings in Resources */ = {isa = PBXBuildFile; fileRef = 7927A79A1928DBD500A38865 /* InfoPlist.strings */; };
		7927A79E1928DBD500A38865 /* main.m in Sources */ = {isa = PBXBuildFile; fileRef = 7927A79D1928DBD500A38865 /* main.m */; };
		7927A7A21928DBD500A38865 /* ZAppDelegate.m in Sources */ = {isa = PBXBuildFile; fileRef = 7927A7A11928DBD500A38865 /* ZAppDelegate.m */; };
		7927A7A51928DBD500A38865 /* Main.storyboard in Resources */ = {isa = PBXBuildFile; fileRef = 7927A7A31928DBD500A38865 /* Main.storyboard */; };
		7927A7A81928DBD500A38865 /* ZViewController.m in Sources */ = {isa = PBXBuildFile; fileRef = 7927A7A71928DBD500A38865 /* ZViewController.m */; };
		7927A7AA1928DBD500A38865 /* Images.xcassets in Resources */ = {isa = PBXBuildFile; fileRef = 7927A7A91928DBD500A38865 /* Images.xcassets */; };
		7927A7B11928DBD500A38865 /* XCTest.framework in Frameworks */ = {isa = PBXBuildFile; fileRef = 7927A7B01928DBD500A38865 /* XCTest.framework */; };
		7927A7B21928DBD500A38865 /* Foundation.framework in Frameworks */ = {isa = PBXBuildFile; fileRef = 7927A7911928DBD500A38865 /* Foundation.framework */; };
		7927A7B31928DBD500A38865 /* UIKit.framework in Frameworks */ = {isa = PBXBuildFile; fileRef = 7927A7951928DBD500A38865 /* UIKit.framework */; };
		7927A7BB1928DBD500A38865 /* InfoPlist.strings in Resources */ = {isa = PBXBuildFile; fileRef = 7927A7B91928DBD500A38865 /* InfoPlist.strings */; };
		7927A7BD1928DBD500A38865 /* HyperResource_objcTests.m in Sources */ = {isa = PBXBuildFile; fileRef = 7927A7BC1928DBD500A38865 /* HyperResource_objcTests.m */; };
/* End PBXBuildFile section */

/* Begin PBXContainerItemProxy section */
		7927A7B41928DBD500A38865 /* PBXContainerItemProxy */ = {
			isa = PBXContainerItemProxy;
			containerPortal = 7927A7861928DBD500A38865 /* Project object */;
			proxyType = 1;
			remoteGlobalIDString = 7927A78D1928DBD500A38865;
			remoteInfo = HyperResource.objc;
		};
/* End PBXContainerItemProxy section */

/* Begin PBXFileReference section */
		7927A78E1928DBD500A38865 /* HyperResource.objc.app */ = {isa = PBXFileReference; explicitFileType = wrapper.application; includeInIndex = 0; path = HyperResource.objc.app; sourceTree = BUILT_PRODUCTS_DIR; };
		7927A7911928DBD500A38865 /* Foundation.framework */ = {isa = PBXFileReference; lastKnownFileType = wrapper.framework; name = Foundation.framework; path = System/Library/Frameworks/Foundation.framework; sourceTree = SDKROOT; };
		7927A7931928DBD500A38865 /* CoreGraphics.framework */ = {isa = PBXFileReference; lastKnownFileType = wrapper.framework; name = CoreGraphics.framework; path = System/Library/Frameworks/CoreGraphics.framework; sourceTree = SDKROOT; };
		7927A7951928DBD500A38865 /* UIKit.framework */ = {isa = PBXFileReference; lastKnownFileType = wrapper.framework; name = UIKit.framework; path = System/Library/Frameworks/UIKit.framework; sourceTree = SDKROOT; };
		7927A7991928DBD500A38865 /* HyperResource.objc-Info.plist */ = {isa = PBXFileReference; lastKnownFileType = text.plist.xml; path = "HyperResource.objc-Info.plist"; sourceTree = "<group>"; };
		7927A79B1928DBD500A38865 /* en */ = {isa = PBXFileReference; lastKnownFileType = text.plist.strings; name = en; path = en.lproj/InfoPlist.strings; sourceTree = "<group>"; };
		7927A79D1928DBD500A38865 /* main.m */ = {isa = PBXFileReference; lastKnownFileType = sourcecode.c.objc; path = main.m; sourceTree = "<group>"; };
		7927A79F1928DBD500A38865 /* HyperResource.objc-Prefix.pch */ = {isa = PBXFileReference; lastKnownFileType = sourcecode.c.h; path = "HyperResource.objc-Prefix.pch"; sourceTree = "<group>"; };
		7927A7A01928DBD500A38865 /* ZAppDelegate.h */ = {isa = PBXFileReference; lastKnownFileType = sourcecode.c.h; path = ZAppDelegate.h; sourceTree = "<group>"; };
		7927A7A11928DBD500A38865 /* ZAppDelegate.m */ = {isa = PBXFileReference; lastKnownFileType = sourcecode.c.objc; path = ZAppDelegate.m; sourceTree = "<group>"; };
		7927A7A41928DBD500A38865 /* Base */ = {isa = PBXFileReference; lastKnownFileType = file.storyboard; name = Base; path = Base.lproj/Main.storyboard; sourceTree = "<group>"; };
		7927A7A61928DBD500A38865 /* ZViewController.h */ = {isa = PBXFileReference; lastKnownFileType = sourcecode.c.h; path = ZViewController.h; sourceTree = "<group>"; };
		7927A7A71928DBD500A38865 /* ZViewController.m */ = {isa = PBXFileReference; lastKnownFileType = sourcecode.c.objc; path = ZViewController.m; sourceTree = "<group>"; };
		7927A7A91928DBD500A38865 /* Images.xcassets */ = {isa = PBXFileReference; lastKnownFileType = folder.assetcatalog; path = Images.xcassets; sourceTree = "<group>"; };
		7927A7AF1928DBD500A38865 /* HyperResource.objcTests.xctest */ = {isa = PBXFileReference; explicitFileType = wrapper.cfbundle; includeInIndex = 0; path = HyperResource.objcTests.xctest; sourceTree = BUILT_PRODUCTS_DIR; };
		7927A7B01928DBD500A38865 /* XCTest.framework */ = {isa = PBXFileReference; lastKnownFileType = wrapper.framework; name = XCTest.framework; path = Library/Frameworks/XCTest.framework; sourceTree = DEVELOPER_DIR; };
		7927A7B81928DBD500A38865 /* HyperResource.objcTests-Info.plist */ = {isa = PBXFileReference; lastKnownFileType = text.plist.xml; path = "HyperResource.objcTests-Info.plist"; sourceTree = "<group>"; };
		7927A7BA1928DBD500A38865 /* en */ = {isa = PBXFileReference; lastKnownFileType = text.plist.strings; name = en; path = en.lproj/InfoPlist.strings; sourceTree = "<group>"; };
		7927A7BC1928DBD500A38865 /* HyperResource_objcTests.m */ = {isa = PBXFileReference; lastKnownFileType = sourcecode.c.objc; path = HyperResource_objcTests.m; sourceTree = "<group>"; };
/* End PBXFileReference section */

/* Begin PBXFrameworksBuildPhase section */
		7927A78B1928DBD500A38865 /* Frameworks */ = {
			isa = PBXFrameworksBuildPhase;
			buildActionMask = 2147483647;
			files = (
				7927A7941928DBD500A38865 /* CoreGraphics.framework in Frameworks */,
				7927A7961928DBD500A38865 /* UIKit.framework in Frameworks */,
				7927A7921928DBD500A38865 /* Foundation.framework in Frameworks */,
			);
			runOnlyForDeploymentPostprocessing = 0;
		};
		7927A7AC1928DBD500A38865 /* Frameworks */ = {
			isa = PBXFrameworksBuildPhase;
			buildActionMask = 2147483647;
			files = (
				7927A7B11928DBD500A38865 /* XCTest.framework in Frameworks */,
				7927A7B31928DBD500A38865 /* UIKit.framework in Frameworks */,
				7927A7B21928DBD500A38865 /* Foundation.framework in Frameworks */,
			);
			runOnlyForDeploymentPostprocessing = 0;
		};
/* End PBXFrameworksBuildPhase section */

/* Begin PBXGroup section */
		7927A7851928DBD500A38865 = {
			isa = PBXGroup;
			children = (
				7927A7971928DBD500A38865 /* HyperResource.objc */,
				7927A7B61928DBD500A38865 /* HyperResource.objcTests */,
				7927A7901928DBD500A38865 /* Frameworks */,
				7927A78F1928DBD500A38865 /* Products */,
			);
			sourceTree = "<group>";
		};
		7927A78F1928DBD500A38865 /* Products */ = {
			isa = PBXGroup;
			children = (
				7927A78E1928DBD500A38865 /* HyperResource.objc.app */,
				7927A7AF1928DBD500A38865 /* HyperResource.objcTests.xctest */,
			);
			name = Products;
			sourceTree = "<group>";
		};
		7927A7901928DBD500A38865 /* Frameworks */ = {
			isa = PBXGroup;
			children = (
				7927A7911928DBD500A38865 /* Foundation.framework */,
				7927A7931928DBD500A38865 /* CoreGraphics.framework */,
				7927A7951928DBD500A38865 /* UIKit.framework */,
				7927A7B01928DBD500A38865 /* XCTest.framework */,
			);
			name = Frameworks;
			sourceTree = "<group>";
		};
		7927A7971928DBD500A38865 /* HyperResource.objc */ = {
			isa = PBXGroup;
			children = (
				7927A7A01928DBD500A38865 /* ZAppDelegate.h */,
				7927A7A11928DBD500A38865 /* ZAppDelegate.m */,
				7927A7A31928DBD500A38865 /* Main.storyboard */,
				7927A7A61928DBD500A38865 /* ZViewController.h */,
				7927A7A71928DBD500A38865 /* ZViewController.m */,
				7927A7A91928DBD500A38865 /* Images.xcassets */,
				7927A7981928DBD500A38865 /* Supporting Files */,
			);
			path = HyperResource.objc;
			sourceTree = "<group>";
		};
		7927A7981928DBD500A38865 /* Supporting Files */ = {
			isa = PBXGroup;
			children = (
				7927A7991928DBD500A38865 /* HyperResource.objc-Info.plist */,
				7927A79A1928DBD500A38865 /* InfoPlist.strings */,
				7927A79D1928DBD500A38865 /* main.m */,
				7927A79F1928DBD500A38865 /* HyperResource.objc-Prefix.pch */,
			);
			name = "Supporting Files";
			sourceTree = "<group>";
		};
		7927A7B61928DBD500A38865 /* HyperResource.objcTests */ = {
			isa = PBXGroup;
			children = (
				7927A7BC1928DBD500A38865 /* HyperResource_objcTests.m */,
				7927A7B71928DBD500A38865 /* Supporting Files */,
			);
			path = HyperResource.objcTests;
			sourceTree = "<group>";
		};
		7927A7B71928DBD500A38865 /* Supporting Files */ = {
			isa = PBXGroup;
			children = (
				7927A7B81928DBD500A38865 /* HyperResource.objcTests-Info.plist */,
				7927A7B91928DBD500A38865 /* InfoPlist.strings */,
			);
			name = "Supporting Files";
			sourceTree = "<group>";
		};
/* End PBXGroup section */

/* Begin PBXNativeTarget section */
		7927A78D1928DBD500A38865 /* HyperResource.objc */ = {
			isa = PBXNativeTarget;
			buildConfigurationList = 7927A7C01928DBD500A38865 /* Build configuration list for PBXNativeTarget "HyperResource.objc" */;
			buildPhases = (
				7927A78A1928DBD500A38865 /* Sources */,
				7927A78B1928DBD500A38865 /* Frameworks */,
				7927A78C1928DBD500A38865 /* Resources */,
			);
			buildRules = (
			);
			dependencies = (
			);
			name = HyperResource.objc;
			productName = HyperResource.objc;
			productReference = 7927A78E1928DBD500A38865 /* HyperResource.objc.app */;
			productType = "com.apple.product-type.application";
		};
		7927A7AE1928DBD500A38865 /* HyperResource.objcTests */ = {
			isa = PBXNativeTarget;
			buildConfigurationList = 7927A7C31928DBD500A38865 /* Build configuration list for PBXNativeTarget "HyperResource.objcTests" */;
			buildPhases = (
				7927A7AB1928DBD500A38865 /* Sources */,
				7927A7AC1928DBD500A38865 /* Frameworks */,
				7927A7AD1928DBD500A38865 /* Resources */,
			);
			buildRules = (
			);
			dependencies = (
				7927A7B51928DBD500A38865 /* PBXTargetDependency */,
			);
			name = HyperResource.objcTests;
			productName = HyperResource.objcTests;
			productReference = 7927A7AF1928DBD500A38865 /* HyperResource.objcTests.xctest */;
			productType = "com.apple.product-type.bundle.unit-test";
		};
/* End PBXNativeTarget section */

/* Begin PBXProject section */
		7927A7861928DBD500A38865 /* Project object */ = {
			isa = PBXProject;
			attributes = {
				CLASSPREFIX = Z;
				LastUpgradeCheck = 0510;
				ORGANIZATIONNAME = "Ayal Spitz";
				TargetAttributes = {
					7927A7AE1928DBD500A38865 = {
						TestTargetID = 7927A78D1928DBD500A38865;
					};
				};
			};
			buildConfigurationList = 7927A7891928DBD500A38865 /* Build configuration list for PBXProject "HyperResource.objc" */;
			compatibilityVersion = "Xcode 3.2";
			developmentRegion = English;
			hasScannedForEncodings = 0;
			knownRegions = (
				en,
				Base,
			);
			mainGroup = 7927A7851928DBD500A38865;
			productRefGroup = 7927A78F1928DBD500A38865 /* Products */;
			projectDirPath = "";
			projectRoot = "";
			targets = (
				7927A78D1928DBD500A38865 /* HyperResource.objc */,
				7927A7AE1928DBD500A38865 /* HyperResource.objcTests */,
			);
		};
/* End PBXProject section */

/* Begin PBXResourcesBuildPhase section */
		7927A78C1928DBD500A38865 /* Resources */ = {
			isa = PBXResourcesBuildPhase;
			buildActionMask = 2147483647;
			files = (
				7927A7AA1928DBD500A38865 /* Images.xcassets in Resources */,
				7927A79C1928DBD500A38865 /* InfoPlist.strings in Resources */,
				7927A7A51928DBD500A38865 /* Main.storyboard in Resources */,
			);
			runOnlyForDeploymentPostprocessing = 0;
		};
		7927A7AD1928DBD500A38865 /* Resources */ = {
			isa = PBXResourcesBuildPhase;
			buildActionMask = 2147483647;
			files = (
				7927A7BB1928DBD500A38865 /* InfoPlist.strings in Resources */,
			);
			runOnlyForDeploymentPostprocessing = 0;
		};
/* End PBXResourcesBuildPhase section */

/* Begin PBXSourcesBuildPhase section */
		7927A78A1928DBD500A38865 /* Sources */ = {
			isa = PBXSourcesBuildPhase;
			buildActionMask = 2147483647;
			files = (
				7927A79E1928DBD500A38865 /* main.m in Sources */,
				7927A7A81928DBD500A38865 /* ZViewController.m in Sources */,
				7927A7A21928DBD500A38865 /* ZAppDelegate.m in Sources */,
			);
			runOnlyForDeploymentPostprocessing = 0;
		};
		7927A7AB1928DBD500A38865 /* Sources */ = {
			isa = PBXSourcesBuildPhase;
			buildActionMask = 2147483647;
			files = (
				7927A7BD1928DBD500A38865 /* HyperResource_objcTests.m in Sources */,
			);
			runOnlyForDeploymentPostprocessing = 0;
		};
/* End PBXSourcesBuildPhase section */

/* Begin PBXTargetDependency section */
		7927A7B51928DBD500A38865 /* PBXTargetDependency */ = {
			isa = PBXTargetDependency;
			target = 7927A78D1928DBD500A38865 /* HyperResource.objc */;
			targetProxy = 7927A7B41928DBD500A38865 /* PBXContainerItemProxy */;
		};
/* End PBXTargetDependency section */

/* Begin PBXVariantGroup section */
		7927A79A1928DBD500A38865 /* InfoPlist.strings */ = {
			isa = PBXVariantGroup;
			children = (
				7927A79B1928DBD500A38865 /* en */,
			);
			name = InfoPlist.strings;
			sourceTree = "<group>";
		};
		7927A7A31928DBD500A38865 /* Main.storyboard */ = {
			isa = PBXVariantGroup;
			children = (
				7927A7A41928DBD500A38865 /* Base */,
			);
			name = Main.storyboard;
			sourceTree = "<group>";
		};
		7927A7B91928DBD500A38865 /* InfoPlist.strings */ = {
			isa = PBXVariantGroup;
			children = (
				7927A7BA1928DBD500A38865 /* en */,
			);
			name = InfoPlist.strings;
			sourceTree = "<group>";
		};
/* End PBXVariantGroup section */

/* Begin XCBuildConfiguration section */
		7927A7BE1928DBD500A38865 /* Debug */ = {
			isa = XCBuildConfiguration;
			buildSettings = {
				ALWAYS_SEARCH_USER_PATHS = NO;
				CLANG_CXX_LANGUAGE_STANDARD = "gnu++0x";
				CLANG_CXX_LIBRARY = "libc++";
				CLANG_ENABLE_MODULES = YES;
				CLANG_ENABLE_OBJC_ARC = YES;
				CLANG_WARN_BOOL_CONVERSION = YES;
				CLANG_WARN_CONSTANT_CONVERSION = YES;
				CLANG_WARN_DIRECT_OBJC_ISA_USAGE = YES_ERROR;
				CLANG_WARN_EMPTY_BODY = YES;
				CLANG_WARN_ENUM_CONVERSION = YES;
				CLANG_WARN_INT_CONVERSION = YES;
				CLANG_WARN_OBJC_ROOT_CLASS = YES_ERROR;
				CLANG_WARN__DUPLICATE_METHOD_MATCH = YES;
				"CODE_SIGN_IDENTITY[sdk=iphoneos*]" = "iPhone Developer";
				COPY_PHASE_STRIP = NO;
				GCC_C_LANGUAGE_STANDARD = gnu99;
				GCC_DYNAMIC_NO_PIC = NO;
				GCC_OPTIMIZATION_LEVEL = 0;
				GCC_PREPROCESSOR_DEFINITIONS = (
					"DEBUG=1",
					"$(inherited)",
				);
				GCC_SYMBOLS_PRIVATE_EXTERN = NO;
				GCC_WARN_64_TO_32_BIT_CONVERSION = YES;
				GCC_WARN_ABOUT_RETURN_TYPE = YES_ERROR;
				GCC_WARN_UNDECLARED_SELECTOR = YES;
				GCC_WARN_UNINITIALIZED_AUTOS = YES_AGGRESSIVE;
				GCC_WARN_UNUSED_FUNCTION = YES;
				GCC_WARN_UNUSED_VARIABLE = YES;
				IPHONEOS_DEPLOYMENT_TARGET = 7.1;
				ONLY_ACTIVE_ARCH = YES;
				SDKROOT = iphoneos;
			};
			name = Debug;
		};
		7927A7BF1928DBD500A38865 /* Release */ = {
			isa = XCBuildConfiguration;
			buildSettings = {
				ALWAYS_SEARCH_USER_PATHS = NO;
				CLANG_CXX_LANGUAGE_STANDARD = "gnu++0x";
				CLANG_CXX_LIBRARY = "libc++";
				CLANG_ENABLE_MODULES = YES;
				CLANG_ENABLE_OBJC_ARC = YES;
				CLANG_WARN_BOOL_CONVERSION = YES;
				CLANG_WARN_CONSTANT_CONVERSION = YES;
				CLANG_WARN_DIRECT_OBJC_ISA_USAGE = YES_ERROR;
				CLANG_WARN_EMPTY_BODY = YES;
				CLANG_WARN_ENUM_CONVERSION = YES;
				CLANG_WARN_INT_CONVERSION = YES;
				CLANG_WARN_OBJC_ROOT_CLASS = YES_ERROR;
				CLANG_WARN__DUPLICATE_METHOD_MATCH = YES;
				"CODE_SIGN_IDENTITY[sdk=iphoneos*]" = "iPhone Developer";
				COPY_PHASE_STRIP = YES;
				ENABLE_NS_ASSERTIONS = NO;
				GCC_C_LANGUAGE_STANDARD = gnu99;
				GCC_WARN_64_TO_32_BIT_CONVERSION = YES;
				GCC_WARN_ABOUT_RETURN_TYPE = YES_ERROR;
				GCC_WARN_UNDECLARED_SELECTOR = YES;
				GCC_WARN_UNINITIALIZED_AUTOS = YES_AGGRESSIVE;
				GCC_WARN_UNUSED_FUNCTION = YES;
				GCC_WARN_UNUSED_VARIABLE = YES;
				IPHONEOS_DEPLOYMENT_TARGET = 7.1;
				SDKROOT = iphoneos;
				VALIDATE_PRODUCT = YES;
			};
			name = Release;
		};
		7927A7C11928DBD500A38865 /* Debug */ = {
			isa = XCBuildConfiguration;
			buildSettings = {
				ASSETCATALOG_COMPILER_APPICON_NAME = AppIcon;
				ASSETCATALOG_COMPILER_LAUNCHIMAGE_NAME = LaunchImage;
				GCC_PRECOMPILE_PREFIX_HEADER = YES;
				GCC_PREFIX_HEADER = "HyperResource.objc/HyperResource.objc-Prefix.pch";
				INFOPLIST_FILE = "HyperResource.objc/HyperResource.objc-Info.plist";
				PRODUCT_NAME = "$(TARGET_NAME)";
				WRAPPER_EXTENSION = app;
			};
			name = Debug;
		};
		7927A7C21928DBD500A38865 /* Release */ = {
			isa = XCBuildConfiguration;
			buildSettings = {
				ASSETCATALOG_COMPILER_APPICON_NAME = AppIcon;
				ASSETCATALOG_COMPILER_LAUNCHIMAGE_NAME = LaunchImage;
				GCC_PRECOMPILE_PREFIX_HEADER = YES;
				GCC_PREFIX_HEADER = "HyperResource.objc/HyperResource.objc-Prefix.pch";
				INFOPLIST_FILE = "HyperResource.objc/HyperResource.objc-Info.plist";
				PRODUCT_NAME = "$(TARGET_NAME)";
				WRAPPER_EXTENSION = app;
			};
			name = Release;
		};
		7927A7C41928DBD500A38865 /* Debug */ = {
			isa = XCBuildConfiguration;
			buildSettings = {
				BUNDLE_LOADER = "$(BUILT_PRODUCTS_DIR)/HyperResource.objc.app/HyperResource.objc";
				FRAMEWORK_SEARCH_PATHS = (
					"$(SDKROOT)/Developer/Library/Frameworks",
					"$(inherited)",
					"$(DEVELOPER_FRAMEWORKS_DIR)",
				);
				GCC_PRECOMPILE_PREFIX_HEADER = YES;
				GCC_PREFIX_HEADER = "HyperResource.objc/HyperResource.objc-Prefix.pch";
				GCC_PREPROCESSOR_DEFINITIONS = (
					"DEBUG=1",
					"$(inherited)",
				);
				INFOPLIST_FILE = "HyperResource.objcTests/HyperResource.objcTests-Info.plist";
				PRODUCT_NAME = "$(TARGET_NAME)";
				TEST_HOST = "$(BUNDLE_LOADER)";
				WRAPPER_EXTENSION = xctest;
			};
			name = Debug;
		};
		7927A7C51928DBD500A38865 /* Release */ = {
			isa = XCBuildConfiguration;
			buildSettings = {
				BUNDLE_LOADER = "$(BUILT_PRODUCTS_DIR)/HyperResource.objc.app/HyperResource.objc";
				FRAMEWORK_SEARCH_PATHS = (
					"$(SDKROOT)/Developer/Library/Frameworks",
					"$(inherited)",
					"$(DEVELOPER_FRAMEWORKS_DIR)",
				);
				GCC_PRECOMPILE_PREFIX_HEADER = YES;
				GCC_PREFIX_HEADER = "HyperResource.objc/HyperResource.objc-Prefix.pch";
				INFOPLIST_FILE = "HyperResource.objcTests/HyperResource.objcTests-Info.plist";
				PRODUCT_NAME = "$(TARGET_NAME)";
				TEST_HOST = "$(BUNDLE_LOADER)";
				WRAPPER_EXTENSION = xctest;
			};
			name = Release;
		};
/* End XCBuildConfiguration section */

/* Begin XCConfigurationList section */
		7927A7891928DBD500A38865 /* Build configuration list for PBXProject "HyperResource.objc" */ = {
			isa = XCConfigurationList;
			buildConfigurations = (
				7927A7BE1928DBD500A38865 /* Debug */,
				7927A7BF1928DBD500A38865 /* Release */,
			);
			defaultConfigurationIsVisible = 0;
			defaultConfigurationName = Release;
		};
		7927A7C01928DBD500A38865 /* Build configuration list for PBXNativeTarget "HyperResource.objc" */ = {
			isa = XCConfigurationList;
			buildConfigurations = (
				7927A7C11928DBD500A38865 /* Debug */,
				7927A7C21928DBD500A38865 /* Release */,
			);
			defaultConfigurationIsVisible = 0;
		};
		7927A7C31928DBD500A38865 /* Build configuration list for PBXNativeTarget "HyperResource.objcTests" */ = {
			isa = XCConfigurationList;
			buildConfigurations = (
				7927A7C41928DBD500A38865 /* Debug */,
				7927A7C51928DBD500A38865 /* Release */,
			);
			defaultConfigurationIsVisible = 0;
		};
/* End XCConfigurationList section */
	};
	rootObject = 7927A7861928DBD500A38865 /* Project object */;
}
